
Microsoft Visual Studio Solution File, Format Version 12.00
Project("{FAE04EC0-301F-11D3-BF4B-00C04F79EFBC}") = "Application", "Application\Application.csproj", "{37E6DD09-E135-4819-B142-288F61447B0A}"
EndProject
Project("{FAE04EC0-301F-11D3-BF4B-00C04F79EFBC}") = "Application.Test", "Application.Test\Application.Test.csproj", "{A69C82DE-FD21-4C93-B9E4-08056B098AA3}"
EndProject
Global
	GlobalSection(SolutionConfigurationPlatforms) = preSolution
		Debug|Any CPU = Debug|Any CPU
		Release|Any CPU = Release|Any CPU
	EndGlobalSection
	GlobalSection(ProjectConfigurationPlatforms) = postSolution
		{37E6DD09-E135-4819-B142-288F61447B0A}.Debug|Any CPU.ActiveCfg = Debug|Any CPU
		{37E6DD09-E135-4819-B142-288F61447B0A}.Debug|Any CPU.Build.0 = Debug|Any CPU
		{37E6DD09-E135-4819-B142-288F61447B0A}.Release|Any CPU.ActiveCfg = Release|Any CPU
		{37E6DD09-E135-4819-B142-288F61447B0A}.Release|Any CPU.Build.0 = Release|Any CPU
		{A69C82DE-FD21-4C93-B9E4-08056B098AA3}.Debug|Any CPU.ActiveCfg = Debug|Any CPU
		{A69C82DE-FD21-4C93-B9E4-08056B098AA3}.Debug|Any CPU.Build.0 = Debug|Any CPU
		{A69C82DE-FD21-4C93-B9E4-08056B098AA3}.Release|Any CPU.ActiveCfg = Release|Any CPU
		{A69C82DE-FD21-4C93-B9E4-08056B098AA3}.Release|Any CPU.Build.0 = Release|Any CPU
	EndGlobalSection
EndGlobal
